# This file is automatically @generated by Cargo.
# It is not intended for manual editing.
version = 4

[[package]]
name = "autocfg"
version = "1.5.0"
source = "registry+https://github.com/rust-lang/crates.io-index"
checksum = "c08606f8c3cbf4ce6ec8e28fb0014a2c086708fe954eaa885384a6165172e7e8"

[[package]]
name = "config"
version = "0.2.0"

[[package]]
name = "ecall"
version = "0.2.0"
dependencies = [
 "config",
 "memoffset",
 "riscv-regs",
 "sbi-rt",
 "tvm",
 "utils",
 "vcpu",
]

[[package]]
name = "interrupt"
version = "0.2.0"
dependencies = [
 "riscv-regs",
]

[[package]]
name = "memoffset"
version = "0.8.0"
source = "registry+https://github.com/rust-lang/crates.io-index"
checksum = "d61c719bcfbcf5d62b3a09efa6088de8c54bc0bfcd3ea7ae39fcc186108b8de1"
dependencies = [
 "autocfg",
]

[[package]]
name = "riscv-regs"
version = "0.2.0"
dependencies = [
 "seq-macro",
 "tock-registers",
]

[[package]]
name = "sbi-rt"
version = "0.2.0"

[[package]]
name = "seq-macro"
version = "0.3.6"
source = "registry+https://github.com/rust-lang/crates.io-index"
checksum = "1bc711410fbe7399f390ca1c3b60ad0f53f80e95c5eb935e52268a0e2cd49acc"

[[package]]
name = "spin"
version = "0.9.9"
source = "registry+https://github.com/rust-lang/crates.io-index"
checksum = "3763264f6b73151db08c50ff20d7d8a0b8796e021cdea7ceedad07b80155fa0e"

[[package]]
name = "tock-registers"
version = "0.7.0"
source = "registry+https://github.com/rust-lang/crates.io-index"
checksum = "4ee8fba06c1f4d0b396ef61a54530bb6b28f0dc61c38bc8bc5a5a48161e6282e"

[[package]]
name = "trap"
version = "0.2.0"
dependencies = [
 "config",
 "ecall",
 "interrupt",
 "memoffset",
 "riscv-regs",
 "sbi-rt",
 "utils",
]

[[package]]
name = "tsm"
version = "0.2.0"
dependencies = [
 "config",
 "ecall",
 "interrupt",
 "memoffset",
 "riscv-regs",
 "sbi-rt",
 "trap",
 "tvm",
 "utils",
 "vcpu",
]

[[package]]
name = "tvm"
version = "0.2.0"
dependencies = [
 "config",
 "memoffset",
 "riscv-regs",
 "sbi-rt",
 "utils",
 "vcpu",
]

[[package]]
name = "utils"
version = "0.2.0"
dependencies = [
 "sbi-rt",
 "spin",
]

[[package]]
name = "vcpu"
version = "0.2.0"
dependencies = [
 "config",
 "riscv-regs",
]
